
Microsoft Visual Studio Solution File, Format Version 12.00
# Visual Studio Version 17
VisualStudioVersion = 17.11.35327.3
MinimumVisualStudioVersion = 10.0.40219.1
Project("{FAE04EC0-301F-11D3-BF4B-00C04F79EFBC}") = "GruasUcabLoggingMS_Keycloak", "GruasUcabLoggingMS_Keycloak\GruasUcabLoggingMS_Keycloak.csproj", "{D60C409B-9B86-443C-B0C2-7BF92A3C698C}"
EndProject
Project("{FAE04EC0-301F-11D3-BF4B-00C04F79EFBC}") = "LogginMS.Application", "LogginMS.Application\LogginMS.Application.csproj", "{2AC2B590-476E-40CA-9C1C-9D4BF8F245C7}"
EndProject
Project("{FAE04EC0-301F-11D3-BF4B-00C04F79EFBC}") = "LogginMS.Service", "LogginMS.Service\LogginMS.Service.csproj", "{E423C6AF-F249-4692-B6E3-E781238BA95E}"
EndProject
Project("{2150E333-8FDC-42A3-9474-1A3956D46DE8}") = "Elementos de la solución", "Elementos de la solución", "{2137A74E-4AE4-4954-96A5-00644750A05F}"
	ProjectSection(SolutionItems) = preProject
		docker-compose.yml = docker-compose.yml
	EndProjectSection
EndProject
Global
	GlobalSection(SolutionConfigurationPlatforms) = preSolution
		Debug|Any CPU = Debug|Any CPU
		Release|Any CPU = Release|Any CPU
	EndGlobalSection
	GlobalSection(ProjectConfigurationPlatforms) = postSolution
		{D60C409B-9B86-443C-B0C2-7BF92A3C698C}.Debug|Any CPU.ActiveCfg = Debug|Any CPU
		{D60C409B-9B86-443C-B0C2-7BF92A3C698C}.Debug|Any CPU.Build.0 = Debug|Any CPU
		{D60C409B-9B86-443C-B0C2-7BF92A3C698C}.Release|Any CPU.ActiveCfg = Release|Any CPU
		{D60C409B-9B86-443C-B0C2-7BF92A3C698C}.Release|Any CPU.Build.0 = Release|Any CPU
		{2AC2B590-476E-40CA-9C1C-9D4BF8F245C7}.Debug|Any CPU.ActiveCfg = Debug|Any CPU
		{2AC2B590-476E-40CA-9C1C-9D4BF8F245C7}.Debug|Any CPU.Build.0 = Debug|Any CPU
		{2AC2B590-476E-40CA-9C1C-9D4BF8F245C7}.Release|Any CPU.ActiveCfg = Release|Any CPU
		{2AC2B590-476E-40CA-9C1C-9D4BF8F245C7}.Release|Any CPU.Build.0 = Release|Any CPU
		{E423C6AF-F249-4692-B6E3-E781238BA95E}.Debug|Any CPU.ActiveCfg = Debug|Any CPU
		{E423C6AF-F249-4692-B6E3-E781238BA95E}.Debug|Any CPU.Build.0 = Debug|Any CPU
		{E423C6AF-F249-4692-B6E3-E781238BA95E}.Release|Any CPU.ActiveCfg = Release|Any CPU
		{E423C6AF-F249-4692-B6E3-E781238BA95E}.Release|Any CPU.Build.0 = Release|Any CPU
	EndGlobalSection
	GlobalSection(SolutionProperties) = preSolution
		HideSolutionNode = FALSE
	EndGlobalSection
	GlobalSection(ExtensibilityGlobals) = postSolution
		SolutionGuid = {958E7BE7-11AE-4996-9D2B-048B796EC740}
	EndGlobalSection
EndGlobal
